
Microsoft Visual Studio Solution File, Format Version 12.00
# Visual Studio Version 16
VisualStudioVersion = 16.0.29806.167
MinimumVisualStudioVersion = 10.0.40219.1
Project("{FAE04EC0-301F-11D3-BF4B-00C04F79EFBC}") = "BachelorProjectClient", "BachelorProjectClient\BachelorProjectClient.csproj", "{F11EA01C-FD1C-430F-A071-54B952242DF6}"
EndProject
Global
	GlobalSection(SolutionConfigurationPlatforms) = preSolution
		Debug|Any CPU = Debug|Any CPU
		Release|Any CPU = Release|Any CPU
	EndGlobalSection
	GlobalSection(ProjectConfigurationPlatforms) = postSolution
		{F11EA01C-FD1C-430F-A071-54B952242DF6}.Debug|Any CPU.ActiveCfg = Debug|Any CPU
		{F11EA01C-FD1C-430F-A071-54B952242DF6}.Debug|Any CPU.Build.0 = Debug|Any CPU
		{F11EA01C-FD1C-430F-A071-54B952242DF6}.Release|Any CPU.ActiveCfg = Release|Any CPU
		{F11EA01C-FD1C-430F-A071-54B952242DF6}.Release|Any CPU.Build.0 = Release|Any CPU
	EndGlobalSection
	GlobalSection(SolutionProperties) = preSolution
		HideSolutionNode = FALSE
	EndGlobalSection
	GlobalSection(ExtensibilityGlobals) = postSolution
		SolutionGuid = {92014405-5787-483C-A55E-390C9962BB4C}
	EndGlobalSection
EndGlobal
